
Microsoft Visual Studio Solution File, Format Version 12.00
# Visual Studio Version 17
VisualStudioVersion = 17.3.32804.467
MinimumVisualStudioVersion = 10.0.40219.1
Project("{FAE04EC0-301F-11D3-BF4B-00C04F79EFBC}") = "IncupsulationHw", "IncupsulationHw.csproj", "{ED348C63-B7F3-4C90-9DF7-34980492BB14}"
EndProject
Global
	GlobalSection(SolutionConfigurationPlatforms) = preSolution
		Debug|Any CPU = Debug|Any CPU
		Release|Any CPU = Release|Any CPU
	EndGlobalSection
	GlobalSection(ProjectConfigurationPlatforms) = postSolution
		{ED348C63-B7F3-4C90-9DF7-34980492BB14}.Debug|Any CPU.ActiveCfg = Debug|Any CPU
		{ED348C63-B7F3-4C90-9DF7-34980492BB14}.Debug|Any CPU.Build.0 = Debug|Any CPU
		{ED348C63-B7F3-4C90-9DF7-34980492BB14}.Release|Any CPU.ActiveCfg = Release|Any CPU
		{ED348C63-B7F3-4C90-9DF7-34980492BB14}.Release|Any CPU.Build.0 = Release|Any CPU
	EndGlobalSection
	GlobalSection(SolutionProperties) = preSolution
		HideSolutionNode = FALSE
	EndGlobalSection
	GlobalSection(ExtensibilityGlobals) = postSolution
		SolutionGuid = {BDD3505C-D791-401C-85F3-73041DE27C95}
	EndGlobalSection
EndGlobal
